{
  "version": 4,
  "terraform_version": "1.11.4",
  "serial": 8,
  "lineage": "d1dad0fa-54bf-dd17-90f1-24cba078bb8d",
  "outputs": {
    "server_ip": {
      "value": "37.27.199.67",
      "type": "string"
    }
  },
  "resources": [
    {
      "mode": "data",
      "type": "hcloud_ssh_key",
      "name": "default",
      "provider": "provider[\"registry.terraform.io/hetznercloud/hcloud\"]",
      "instances": [
        {
          "schema_version": 0,
          "attributes": {
            "fingerprint": "96:d4:0d:af:10:23:3f:b3:ce:1a:69:d7:2b:14:1c:58",
            "id": 104051793,
            "labels": {},
            "name": "game-print-hub-ssh-key",
            "public_key": "ssh-ed25519 AAAAC3NzaC1lZDI1NTE5AAAAIKpSOv2IhpW3kZ5qAi+uCPV2FPgtZYMFLwUJihmvWrMb zyabrina95@gmail.com\n",
            "selector": null,
            "with_selector": null
          },
          "sensitive_attributes": []
        }
      ]
    },
    {
      "mode": "managed",
      "type": "hcloud_server",
      "name": "web",
      "provider": "provider[\"registry.terraform.io/hetznercloud/hcloud\"]",
      "instances": [
        {
          "schema_version": 0,
          "attributes": {
            "allow_deprecated_images": null,
            "backup_window": "",
            "backups": false,
            "datacenter": "hel1-dc2",
            "delete_protection": false,
            "firewall_ids": [],
            "id": "113815293",
            "ignore_remote_firewall_ids": null,
            "image": "ubuntu-22.04",
            "ipv4_address": "37.27.199.67",
            "ipv6_address": "2a01:4f9:c013:2a5c::1",
            "ipv6_network": "2a01:4f9:c013:2a5c::/64",
            "iso": null,
            "keep_disk": null,
            "labels": {
              "env": "prod",
              "project": "frostops"
            },
            "location": "hel1",
            "name": "frostops-prod",
            "network": [],
            "placement_group_id": 0,
            "primary_disk_size": 40,
            "public_net": [],
            "rebuild_protection": false,
            "rescue": null,
            "server_type": "cax11",
            "shutdown_before_deletion": null,
            "ssh_keys": null,
            "status": "running",
            "timeouts": null,
            "user_data": null
          },
          "sensitive_attributes": [],
          "private": "eyJlMmJmYjczMC1lY2FhLTExZTYtOGY4OC0zNDM2M2JjN2M0YzAiOnsiY3JlYXRlIjo1NDAwMDAwMDAwMDAwfSwic2NoZW1hX3ZlcnNpb24iOiIwIn0="
        }
      ]
    }
  ],
  "check_results": null
}
